
Microsoft Visual Studio Solution File, Format Version 12.00
# Visual Studio Version 17
VisualStudioVersion = 17.9.34607.119
MinimumVisualStudioVersion = 10.0.40219.1
Project("{FAE04EC0-301F-11D3-BF4B-00C04F79EFBC}") = "TheWaterProject", "TheWaterProject\TheWaterProject.csproj", "{522D94D0-6EB7-47A7-A835-3238F271F6BD}"
EndProject
Global
	GlobalSection(SolutionConfigurationPlatforms) = preSolution
		Debug|Any CPU = Debug|Any CPU
		Release|Any CPU = Release|Any CPU
	EndGlobalSection
	GlobalSection(ProjectConfigurationPlatforms) = postSolution
		{522D94D0-6EB7-47A7-A835-3238F271F6BD}.Debug|Any CPU.ActiveCfg = Debug|Any CPU
		{522D94D0-6EB7-47A7-A835-3238F271F6BD}.Debug|Any CPU.Build.0 = Debug|Any CPU
		{522D94D0-6EB7-47A7-A835-3238F271F6BD}.Release|Any CPU.ActiveCfg = Release|Any CPU
		{522D94D0-6EB7-47A7-A835-3238F271F6BD}.Release|Any CPU.Build.0 = Release|Any CPU
	EndGlobalSection
	GlobalSection(SolutionProperties) = preSolution
		HideSolutionNode = FALSE
	EndGlobalSection
	GlobalSection(ExtensibilityGlobals) = postSolution
		SolutionGuid = {AD98DB44-115D-4F60-B35F-89866C0D901B}
	EndGlobalSection
EndGlobal
